
Microsoft Visual Studio Solution File, Format Version 12.00
# Visual Studio Version 16
VisualStudioVersion = 16.0.30611.23
MinimumVisualStudioVersion = 10.0.40219.1
Project("{FAE04EC0-301F-11D3-BF4B-00C04F79EFBC}") = "FileSystemVisitorProject", "FileSystemVisitorProject\FileSystemVisitorProject.csproj", "{DCC5B377-8CC9-420D-88D1-D2DB5B8807BB}"
EndProject
Global
	GlobalSection(SolutionConfigurationPlatforms) = preSolution
		Debug|Any CPU = Debug|Any CPU
		Release|Any CPU = Release|Any CPU
	EndGlobalSection
	GlobalSection(ProjectConfigurationPlatforms) = postSolution
		{DCC5B377-8CC9-420D-88D1-D2DB5B8807BB}.Debug|Any CPU.ActiveCfg = Debug|Any CPU
		{DCC5B377-8CC9-420D-88D1-D2DB5B8807BB}.Debug|Any CPU.Build.0 = Debug|Any CPU
		{DCC5B377-8CC9-420D-88D1-D2DB5B8807BB}.Release|Any CPU.ActiveCfg = Release|Any CPU
		{DCC5B377-8CC9-420D-88D1-D2DB5B8807BB}.Release|Any CPU.Build.0 = Release|Any CPU
	EndGlobalSection
	GlobalSection(SolutionProperties) = preSolution
		HideSolutionNode = FALSE
	EndGlobalSection
	GlobalSection(ExtensibilityGlobals) = postSolution
		SolutionGuid = {996826C5-BBE9-4527-AFDC-CA9324A0A9D9}
	EndGlobalSection
EndGlobal
